
Microsoft Visual Studio Solution File, Format Version 12.00
# Visual Studio Version 17
VisualStudioVersion = 17.10.35004.147
MinimumVisualStudioVersion = 10.0.40219.1
Project("{FAE04EC0-301F-11D3-BF4B-00C04F79EFBC}") = "P01_SalesDatabase", "P01_SalesDatabase\P01_SalesDatabase.csproj", "{FC94D83D-F81F-4B2B-A9B6-DB3B93A47145}"
EndProject
Global
	GlobalSection(SolutionConfigurationPlatforms) = preSolution
		Debug|Any CPU = Debug|Any CPU
		Release|Any CPU = Release|Any CPU
	EndGlobalSection
	GlobalSection(ProjectConfigurationPlatforms) = postSolution
		{FC94D83D-F81F-4B2B-A9B6-DB3B93A47145}.Debug|Any CPU.ActiveCfg = Debug|Any CPU
		{FC94D83D-F81F-4B2B-A9B6-DB3B93A47145}.Debug|Any CPU.Build.0 = Debug|Any CPU
		{FC94D83D-F81F-4B2B-A9B6-DB3B93A47145}.Release|Any CPU.ActiveCfg = Release|Any CPU
		{FC94D83D-F81F-4B2B-A9B6-DB3B93A47145}.Release|Any CPU.Build.0 = Release|Any CPU
	EndGlobalSection
	GlobalSection(SolutionProperties) = preSolution
		HideSolutionNode = FALSE
	EndGlobalSection
	GlobalSection(ExtensibilityGlobals) = postSolution
		SolutionGuid = {D219BF2D-F22A-42E7-892A-909663EC4A02}
	EndGlobalSection
EndGlobal
